// !$*UTF8*$!
{
	archiveVersion = 1;
	classes = {
	};
	objectVersion = 56;
	objects = {

/* Begin PBXBuildFile section */
		47301F9428C19C3300BD8C09 /* UI_659App.swift in Sources */ = {isa = PBXBuildFile; fileRef = 47301F9328C19C3300BD8C09 /* UI_659App.swift */; };
		47301F9628C19C3300BD8C09 /* ContentView.swift in Sources */ = {isa = PBXBuildFile; fileRef = 47301F9528C19C3300BD8C09 /* ContentView.swift */; };
		47301F9828C19C3400BD8C09 /* Assets.xcassets in Resources */ = {isa = PBXBuildFile; fileRef = 47301F9728C19C3400BD8C09 /* Assets.xcassets */; };
		47301F9B28C19C3400BD8C09 /* Preview Assets.xcassets in Resources */ = {isa = PBXBuildFile; fileRef = 47301F9A28C19C3400BD8C09 /* Preview Assets.xcassets */; };
		47301FA528C19C3400BD8C09 /* UI_659Tests.swift in Sources */ = {isa = PBXBuildFile; fileRef = 47301FA428C19C3400BD8C09 /* UI_659Tests.swift */; };
		47301FAF28C19C3400BD8C09 /* UI_659UITests.swift in Sources */ = {isa = PBXBuildFile; fileRef = 47301FAE28C19C3400BD8C09 /* UI_659UITests.swift */; };
		47301FB128C19C3400BD8C09 /* UI_659UITestsLaunchTests.swift in Sources */ = {isa = PBXBuildFile; fileRef = 47301FB028C19C3400BD8C09 /* UI_659UITestsLaunchTests.swift */; };
		47301FBE28C19C5C00BD8C09 /* Nike_Illusion.scn in Resources */ = {isa = PBXBuildFile; fileRef = 47301FBD28C19C5C00BD8C09 /* Nike_Illusion.scn */; };
		47301FC128C19C7900BD8C09 /* Home.swift in Sources */ = {isa = PBXBuildFile; fileRef = 47301FC028C19C7900BD8C09 /* Home.swift */; };
		47301FC328C19CD900BD8C09 /* CustomSceneView.swift in Sources */ = {isa = PBXBuildFile; fileRef = 47301FC228C19CD900BD8C09 /* CustomSceneView.swift */; };
/* End PBXBuildFile section */

/* Begin PBXContainerItemProxy section */
		47301FA128C19C3400BD8C09 /* PBXContainerItemProxy */ = {
			isa = PBXContainerItemProxy;
			containerPortal = 47301F8828C19C3300BD8C09 /* Project object */;
			proxyType = 1;
			remoteGlobalIDString = 47301F8F28C19C3300BD8C09;
			remoteInfo = "UI-659";
		};
		47301FAB28C19C3400BD8C09 /* PBXContainerItemProxy */ = {
			isa = PBXContainerItemProxy;
			containerPortal = 47301F8828C19C3300BD8C09 /* Project object */;
			proxyType = 1;
			remoteGlobalIDString = 47301F8F28C19C3300BD8C09;
			remoteInfo = "UI-659";
		};
/* End PBXContainerItemProxy section */

/* Begin PBXFileReference section */
		47301F9028C19C3300BD8C09 /* UI-659.app */ = {isa = PBXFileReference; explicitFileType = wrapper.application; includeInIndex = 0; path = "UI-659.app"; sourceTree = BUILT_PRODUCTS_DIR; };
		47301F9328C19C3300BD8C09 /* UI_659App.swift */ = {isa = PBXFileReference; lastKnownFileType = sourcecode.swift; path = UI_659App.swift; sourceTree = "<group>"; };
		47301F9528C19C3300BD8C09 /* ContentView.swift */ = {isa = PBXFileReference; lastKnownFileType = sourcecode.swift; path = ContentView.swift; sourceTree = "<group>"; };
		47301F9728C19C3400BD8C09 /* Assets.xcassets */ = {isa = PBXFileReference; lastKnownFileType = folder.assetcatalog; path = Assets.xcassets; sourceTree = "<group>"; };
		47301F9A28C19C3400BD8C09 /* Preview Assets.xcassets */ = {isa = PBXFileReference; lastKnownFileType = folder.assetcatalog; path = "Preview Assets.xcassets"; sourceTree = "<group>"; };
		47301FA028C19C3400BD8C09 /* UI-659Tests.xctest */ = {isa = PBXFileReference; explicitFileType = wrapper.cfbundle; includeInIndex = 0; path = "UI-659Tests.xctest"; sourceTree = BUILT_PRODUCTS_DIR; };
		47301FA428C19C3400BD8C09 /* UI_659Tests.swift */ = {isa = PBXFileReference; lastKnownFileType = sourcecode.swift; path = UI_659Tests.swift; sourceTree = "<group>"; };
		47301FAA28C19C3400BD8C09 /* UI-659UITests.xctest */ = {isa = PBXFileReference; explicitFileType = wrapper.cfbundle; includeInIndex = 0; path = "UI-659UITests.xctest"; sourceTree = BUILT_PRODUCTS_DIR; };
		47301FAE28C19C3400BD8C09 /* UI_659UITests.swift */ = {isa = PBXFileReference; lastKnownFileType = sourcecode.swift; path = UI_659UITests.swift; sourceTree = "<group>"; };
		47301FB028C19C3400BD8C09 /* UI_659UITestsLaunchTests.swift */ = {isa = PBXFileReference; lastKnownFileType = sourcecode.swift; path = UI_659UITestsLaunchTests.swift; sourceTree = "<group>"; };
		47301FBD28C19C5C00BD8C09 /* Nike_Illusion.scn */ = {isa = PBXFileReference; lastKnownFileType = file.bplist; path = Nike_Illusion.scn; sourceTree = "<group>"; };
		47301FC028C19C7900BD8C09 /* Home.swift */ = {isa = PBXFileReference; lastKnownFileType = sourcecode.swift; path = Home.swift; sourceTree = "<group>"; };
		47301FC228C19CD900BD8C09 /* CustomSceneView.swift */ = {isa = PBXFileReference; lastKnownFileType = sourcecode.swift; path = CustomSceneView.swift; sourceTree = "<group>"; };
/* End PBXFileReference section */

/* Begin PBXFrameworksBuildPhase section */
		47301F8D28C19C3300BD8C09 /* Frameworks */ = {
			isa = PBXFrameworksBuildPhase;
			buildActionMask = 2147483647;
			files = (
			);
			runOnlyForDeploymentPostprocessing = 0;
		};
		47301F9D28C19C3400BD8C09 /* Frameworks */ = {
			isa = PBXFrameworksBuildPhase;
			buildActionMask = 2147483647;
			files = (
			);
			runOnlyForDeploymentPostprocessing = 0;
		};
		47301FA728C19C3400BD8C09 /* Frameworks */ = {
			isa = PBXFrameworksBuildPhase;
			buildActionMask = 2147483647;
			files = (
			);
			runOnlyForDeploymentPostprocessing = 0;
		};
/* End PBXFrameworksBuildPhase section */

/* Begin PBXGroup section */
		47301F8728C19C3300BD8C09 = {
			isa = PBXGroup;
			children = (
				47301F9228C19C3300BD8C09 /* UI-659 */,
				47301FA328C19C3400BD8C09 /* UI-659Tests */,
				47301FAD28C19C3400BD8C09 /* UI-659UITests */,
				47301F9128C19C3300BD8C09 /* Products */,
			);
			sourceTree = "<group>";
		};
		47301F9128C19C3300BD8C09 /* Products */ = {
			isa = PBXGroup;
			children = (
				47301F9028C19C3300BD8C09 /* UI-659.app */,
				47301FA028C19C3400BD8C09 /* UI-659Tests.xctest */,
				47301FAA28C19C3400BD8C09 /* UI-659UITests.xctest */,
			);
			name = Products;
			sourceTree = "<group>";
		};
		47301F9228C19C3300BD8C09 /* UI-659 */ = {
			isa = PBXGroup;
			children = (
				47301FBF28C19C7200BD8C09 /* View */,
				47301FBD28C19C5C00BD8C09 /* Nike_Illusion.scn */,
				47301F9328C19C3300BD8C09 /* UI_659App.swift */,
				47301F9528C19C3300BD8C09 /* ContentView.swift */,
				47301F9728C19C3400BD8C09 /* Assets.xcassets */,
				47301F9928C19C3400BD8C09 /* Preview Content */,
			);
			path = "UI-659";
			sourceTree = "<group>";
		};
		47301F9928C19C3400BD8C09 /* Preview Content */ = {
			isa = PBXGroup;
			children = (
				47301F9A28C19C3400BD8C09 /* Preview Assets.xcassets */,
			);
			path = "Preview Content";
			sourceTree = "<group>";
		};
		47301FA328C19C3400BD8C09 /* UI-659Tests */ = {
			isa = PBXGroup;
			children = (
				47301FA428C19C3400BD8C09 /* UI_659Tests.swift */,
			);
			path = "UI-659Tests";
			sourceTree = "<group>";
		};
		47301FAD28C19C3400BD8C09 /* UI-659UITests */ = {
			isa = PBXGroup;
			children = (
				47301FAE28C19C3400BD8C09 /* UI_659UITests.swift */,
				47301FB028C19C3400BD8C09 /* UI_659UITestsLaunchTests.swift */,
			);
			path = "UI-659UITests";
			sourceTree = "<group>";
		};
		47301FBF28C19C7200BD8C09 /* View */ = {
			isa = PBXGroup;
			children = (
				47301FC028C19C7900BD8C09 /* Home.swift */,
				47301FC228C19CD900BD8C09 /* CustomSceneView.swift */,
			);
			path = View;
			sourceTree = "<group>";
		};
/* End PBXGroup section */

/* Begin PBXNativeTarget section */
		47301F8F28C19C3300BD8C09 /* UI-659 */ = {
			isa = PBXNativeTarget;
			buildConfigurationList = 47301FB428C19C3400BD8C09 /* Build configuration list for PBXNativeTarget "UI-659" */;
			buildPhases = (
				47301F8C28C19C3300BD8C09 /* Sources */,
				47301F8D28C19C3300BD8C09 /* Frameworks */,
				47301F8E28C19C3300BD8C09 /* Resources */,
			);
			buildRules = (
			);
			dependencies = (
			);
			name = "UI-659";
			productName = "UI-659";
			productReference = 47301F9028C19C3300BD8C09 /* UI-659.app */;
			productType = "com.apple.product-type.application";
		};
		47301F9F28C19C3400BD8C09 /* UI-659Tests */ = {
			isa = PBXNativeTarget;
			buildConfigurationList = 47301FB728C19C3400BD8C09 /* Build configuration list for PBXNativeTarget "UI-659Tests" */;
			buildPhases = (
				47301F9C28C19C3400BD8C09 /* Sources */,
				47301F9D28C19C3400BD8C09 /* Frameworks */,
				47301F9E28C19C3400BD8C09 /* Resources */,
			);
			buildRules = (
			);
			dependencies = (
				47301FA228C19C3400BD8C09 /* PBXTargetDependency */,
			);
			name = "UI-659Tests";
			productName = "UI-659Tests";
			productReference = 47301FA028C19C3400BD8C09 /* UI-659Tests.xctest */;
			productType = "com.apple.product-type.bundle.unit-test";
		};
		47301FA928C19C3400BD8C09 /* UI-659UITests */ = {
			isa = PBXNativeTarget;
			buildConfigurationList = 47301FBA28C19C3400BD8C09 /* Build configuration list for PBXNativeTarget "UI-659UITests" */;
			buildPhases = (
				47301FA628C19C3400BD8C09 /* Sources */,
				47301FA728C19C3400BD8C09 /* Frameworks */,
				47301FA828C19C3400BD8C09 /* Resources */,
			);
			buildRules = (
			);
			dependencies = (
				47301FAC28C19C3400BD8C09 /* PBXTargetDependency */,
			);
			name = "UI-659UITests";
			productName = "UI-659UITests";
			productReference = 47301FAA28C19C3400BD8C09 /* UI-659UITests.xctest */;
			productType = "com.apple.product-type.bundle.ui-testing";
		};
/* End PBXNativeTarget section */

/* Begin PBXProject section */
		47301F8828C19C3300BD8C09 /* Project object */ = {
			isa = PBXProject;
			attributes = {
				BuildIndependentTargetsInParallel = 1;
				LastSwiftUpdateCheck = 1400;
				LastUpgradeCheck = 1400;
				TargetAttributes = {
					47301F8F28C19C3300BD8C09 = {
						CreatedOnToolsVersion = 14.0;
					};
					47301F9F28C19C3400BD8C09 = {
						CreatedOnToolsVersion = 14.0;
						TestTargetID = 47301F8F28C19C3300BD8C09;
					};
					47301FA928C19C3400BD8C09 = {
						CreatedOnToolsVersion = 14.0;
						TestTargetID = 47301F8F28C19C3300BD8C09;
					};
				};
			};
			buildConfigurationList = 47301F8B28C19C3300BD8C09 /* Build configuration list for PBXProject "UI-659" */;
			compatibilityVersion = "Xcode 14.0";
			developmentRegion = en;
			hasScannedForEncodings = 0;
			knownRegions = (
				en,
				Base,
			);
			mainGroup = 47301F8728C19C3300BD8C09;
			productRefGroup = 47301F9128C19C3300BD8C09 /* Products */;
			projectDirPath = "";
			projectRoot = "";
			targets = (
				47301F8F28C19C3300BD8C09 /* UI-659 */,
				47301F9F28C19C3400BD8C09 /* UI-659Tests */,
				47301FA928C19C3400BD8C09 /* UI-659UITests */,
			);
		};
/* End PBXProject section */

/* Begin PBXResourcesBuildPhase section */
		47301F8E28C19C3300BD8C09 /* Resources */ = {
			isa = PBXResourcesBuildPhase;
			buildActionMask = 2147483647;
			files = (
				47301F9B28C19C3400BD8C09 /* Preview Assets.xcassets in Resources */,
				47301FBE28C19C5C00BD8C09 /* Nike_Illusion.scn in Resources */,
				47301F9828C19C3400BD8C09 /* Assets.xcassets in Resources */,
			);
			runOnlyForDeploymentPostprocessing = 0;
		};
		47301F9E28C19C3400BD8C09 /* Resources */ = {
			isa = PBXResourcesBuildPhase;
			buildActionMask = 2147483647;
			files = (
			);
			runOnlyForDeploymentPostprocessing = 0;
		};
		47301FA828C19C3400BD8C09 /* Resources */ = {
			isa = PBXResourcesBuildPhase;
			buildActionMask = 2147483647;
			files = (
			);
			runOnlyForDeploymentPostprocessing = 0;
		};
/* End PBXResourcesBuildPhase section */

/* Begin PBXSourcesBuildPhase section */
		47301F8C28C19C3300BD8C09 /* Sources */ = {
			isa = PBXSourcesBuildPhase;
			buildActionMask = 2147483647;
			files = (
				47301FC328C19CD900BD8C09 /* CustomSceneView.swift in Sources */,
				47301F9628C19C3300BD8C09 /* ContentView.swift in Sources */,
				47301FC128C19C7900BD8C09 /* Home.swift in Sources */,
				47301F9428C19C3300BD8C09 /* UI_659App.swift in Sources */,
			);
			runOnlyForDeploymentPostprocessing = 0;
		};
		47301F9C28C19C3400BD8C09 /* Sources */ = {
			isa = PBXSourcesBuildPhase;
			buildActionMask = 2147483647;
			files = (
				47301FA528C19C3400BD8C09 /* UI_659Tests.swift in Sources */,
			);
			runOnlyForDeploymentPostprocessing = 0;
		};
		47301FA628C19C3400BD8C09 /* Sources */ = {
			isa = PBXSourcesBuildPhase;
			buildActionMask = 2147483647;
			files = (
				47301FAF28C19C3400BD8C09 /* UI_659UITests.swift in Sources */,
				47301FB128C19C3400BD8C09 /* UI_659UITestsLaunchTests.swift in Sources */,
			);
			runOnlyForDeploymentPostprocessing = 0;
		};
/* End PBXSourcesBuildPhase section */

/* Begin PBXTargetDependency section */
		47301FA228C19C3400BD8C09 /* PBXTargetDependency */ = {
			isa = PBXTargetDependency;
			target = 47301F8F28C19C3300BD8C09 /* UI-659 */;
			targetProxy = 47301FA128C19C3400BD8C09 /* PBXContainerItemProxy */;
		};
		47301FAC28C19C3400BD8C09 /* PBXTargetDependency */ = {
			isa = PBXTargetDependency;
			target = 47301F8F28C19C3300BD8C09 /* UI-659 */;
			targetProxy = 47301FAB28C19C3400BD8C09 /* PBXContainerItemProxy */;
		};
/* End PBXTargetDependency section */

/* Begin XCBuildConfiguration section */
		47301FB228C19C3400BD8C09 /* Debug */ = {
			isa = XCBuildConfiguration;
			buildSettings = {
				ALWAYS_SEARCH_USER_PATHS = NO;
				CLANG_ANALYZER_NONNULL = YES;
				CLANG_ANALYZER_NUMBER_OBJECT_CONVERSION = YES_AGGRESSIVE;
				CLANG_CXX_LANGUAGE_STANDARD = "gnu++20";
				CLANG_ENABLE_MODULES = YES;
				CLANG_ENABLE_OBJC_ARC = YES;
				CLANG_ENABLE_OBJC_WEAK = YES;
				CLANG_WARN_BLOCK_CAPTURE_AUTORELEASING = YES;
				CLANG_WARN_BOOL_CONVERSION = YES;
				CLANG_WARN_COMMA = YES;
				CLANG_WARN_CONSTANT_CONVERSION = YES;
				CLANG_WARN_DEPRECATED_OBJC_IMPLEMENTATIONS = YES;
				CLANG_WARN_DIRECT_OBJC_ISA_USAGE = YES_ERROR;
				CLANG_WARN_DOCUMENTATION_COMMENTS = YES;
				CLANG_WARN_EMPTY_BODY = YES;
				CLANG_WARN_ENUM_CONVERSION = YES;
				CLANG_WARN_INFINITE_RECURSION = YES;
				CLANG_WARN_INT_CONVERSION = YES;
				CLANG_WARN_NON_LITERAL_NULL_CONVERSION = YES;
				CLANG_WARN_OBJC_IMPLICIT_RETAIN_SELF = YES;
				CLANG_WARN_OBJC_LITERAL_CONVERSION = YES;
				CLANG_WARN_OBJC_ROOT_CLASS = YES_ERROR;
				CLANG_WARN_QUOTED_INCLUDE_IN_FRAMEWORK_HEADER = YES;
				CLANG_WARN_RANGE_LOOP_ANALYSIS = YES;
				CLANG_WARN_STRICT_PROTOTYPES = YES;
				CLANG_WARN_SUSPICIOUS_MOVE = YES;
				CLANG_WARN_UNGUARDED_AVAILABILITY = YES_AGGRESSIVE;
				CLANG_WARN_UNREACHABLE_CODE = YES;
				CLANG_WARN__DUPLICATE_METHOD_MATCH = YES;
				COPY_PHASE_STRIP = NO;
				DEBUG_INFORMATION_FORMAT = dwarf;
				ENABLE_STRICT_OBJC_MSGSEND = YES;
				ENABLE_TESTABILITY = YES;
				GCC_C_LANGUAGE_STANDARD = gnu11;
				GCC_DYNAMIC_NO_PIC = NO;
				GCC_NO_COMMON_BLOCKS = YES;
				GCC_OPTIMIZATION_LEVEL = 0;
				GCC_PREPROCESSOR_DEFINITIONS = (
					"DEBUG=1",
					"$(inherited)",
				);
				GCC_WARN_64_TO_32_BIT_CONVERSION = YES;
				GCC_WARN_ABOUT_RETURN_TYPE = YES_ERROR;
				GCC_WARN_UNDECLARED_SELECTOR = YES;
				GCC_WARN_UNINITIALIZED_AUTOS = YES_AGGRESSIVE;
				GCC_WARN_UNUSED_FUNCTION = YES;
				GCC_WARN_UNUSED_VARIABLE = YES;
				IPHONEOS_DEPLOYMENT_TARGET = 16.0;
				MTL_ENABLE_DEBUG_INFO = INCLUDE_SOURCE;
				MTL_FAST_MATH = YES;
				ONLY_ACTIVE_ARCH = YES;
				SDKROOT = iphoneos;
				SWIFT_ACTIVE_COMPILATION_CONDITIONS = DEBUG;
				SWIFT_OPTIMIZATION_LEVEL = "-Onone";
			};
			name = Debug;
		};
		47301FB328C19C3400BD8C09 /* Release */ = {
			isa = XCBuildConfiguration;
			buildSettings = {
				ALWAYS_SEARCH_USER_PATHS = NO;
				CLANG_ANALYZER_NONNULL = YES;
				CLANG_ANALYZER_NUMBER_OBJECT_CONVERSION = YES_AGGRESSIVE;
				CLANG_CXX_LANGUAGE_STANDARD = "gnu++20";
				CLANG_ENABLE_MODULES = YES;
				CLANG_ENABLE_OBJC_ARC = YES;
				CLANG_ENABLE_OBJC_WEAK = YES;
				CLANG_WARN_BLOCK_CAPTURE_AUTORELEASING = YES;
				CLANG_WARN_BOOL_CONVERSION = YES;
				CLANG_WARN_COMMA = YES;
				CLANG_WARN_CONSTANT_CONVERSION = YES;
				CLANG_WARN_DEPRECATED_OBJC_IMPLEMENTATIONS = YES;
				CLANG_WARN_DIRECT_OBJC_ISA_USAGE = YES_ERROR;
				CLANG_WARN_DOCUMENTATION_COMMENTS = YES;
				CLANG_WARN_EMPTY_BODY = YES;
				CLANG_WARN_ENUM_CONVERSION = YES;
				CLANG_WARN_INFINITE_RECURSION = YES;
				CLANG_WARN_INT_CONVERSION = YES;
				CLANG_WARN_NON_LITERAL_NULL_CONVERSION = YES;
				CLANG_WARN_OBJC_IMPLICIT_RETAIN_SELF = YES;
				CLANG_WARN_OBJC_LITERAL_CONVERSION = YES;
				CLANG_WARN_OBJC_ROOT_CLASS = YES_ERROR;
				CLANG_WARN_QUOTED_INCLUDE_IN_FRAMEWORK_HEADER = YES;
				CLANG_WARN_RANGE_LOOP_ANALYSIS = YES;
				CLANG_WARN_STRICT_PROTOTYPES = YES;
				CLANG_WARN_SUSPICIOUS_MOVE = YES;
				CLANG_WARN_UNGUARDED_AVAILABILITY = YES_AGGRESSIVE;
				CLANG_WARN_UNREACHABLE_CODE = YES;
				CLANG_WARN__DUPLICATE_METHOD_MATCH = YES;
				COPY_PHASE_STRIP = NO;
				DEBUG_INFORMATION_FORMAT = "dwarf-with-dsym";
				ENABLE_NS_ASSERTIONS = NO;
				ENABLE_STRICT_OBJC_MSGSEND = YES;
				GCC_C_LANGUAGE_STANDARD = gnu11;
				GCC_NO_COMMON_BLOCKS = YES;
				GCC_WARN_64_TO_32_BIT_CONVERSION = YES;
				GCC_WARN_ABOUT_RETURN_TYPE = YES_ERROR;
				GCC_WARN_UNDECLARED_SELECTOR = YES;
				GCC_WARN_UNINITIALIZED_AUTOS = YES_AGGRESSIVE;
				GCC_WARN_UNUSED_FUNCTION = YES;
				GCC_WARN_UNUSED_VARIABLE = YES;
				IPHONEOS_DEPLOYMENT_TARGET = 16.0;
				MTL_ENABLE_DEBUG_INFO = NO;
				MTL_FAST_MATH = YES;
				SDKROOT = iphoneos;
				SWIFT_COMPILATION_MODE = wholemodule;
				SWIFT_OPTIMIZATION_LEVEL = "-O";
				VALIDATE_PRODUCT = YES;
			};
			name = Release;
		};
		47301FB528C19C3400BD8C09 /* Debug */ = {
			isa = XCBuildConfiguration;
			buildSettings = {
				ASSETCATALOG_COMPILER_APPICON_NAME = AppIcon;
				ASSETCATALOG_COMPILER_GLOBAL_ACCENT_COLOR_NAME = AccentColor;
				CODE_SIGN_STYLE = Automatic;
				CURRENT_PROJECT_VERSION = 1;
				DEVELOPMENT_ASSET_PATHS = "\"UI-659/Preview Content\"";
				DEVELOPMENT_TEAM = 8CL4U468K5;
				ENABLE_PREVIEWS = YES;
				GENERATE_INFOPLIST_FILE = YES;
				INFOPLIST_KEY_UIApplicationSceneManifest_Generation = YES;
				INFOPLIST_KEY_UIApplicationSupportsIndirectInputEvents = YES;
				INFOPLIST_KEY_UILaunchScreen_Generation = YES;
				INFOPLIST_KEY_UISupportedInterfaceOrientations_iPad = "UIInterfaceOrientationPortrait UIInterfaceOrientationPortraitUpsideDown UIInterfaceOrientationLandscapeLeft UIInterfaceOrientationLandscapeRight";
				INFOPLIST_KEY_UISupportedInterfaceOrientations_iPhone = "UIInterfaceOrientationPortrait UIInterfaceOrientationLandscapeLeft UIInterfaceOrientationLandscapeRight";
				LD_RUNPATH_SEARCH_PATHS = (
					"$(inherited)",
					"@executable_path/Frameworks",
				);
				MARKETING_VERSION = 1.0;
				PRODUCT_BUNDLE_IDENTIFIER = "com.585.UI-659";
				PRODUCT_NAME = "$(TARGET_NAME)";
				SWIFT_EMIT_LOC_STRINGS = YES;
				SWIFT_VERSION = 5.0;
				TARGETED_DEVICE_FAMILY = "1,2";
			};
			name = Debug;
		};
		47301FB628C19C3400BD8C09 /* Release */ = {
			isa = XCBuildConfiguration;
			buildSettings = {
				ASSETCATALOG_COMPILER_APPICON_NAME = AppIcon;
				ASSETCATALOG_COMPILER_GLOBAL_ACCENT_COLOR_NAME = AccentColor;
				CODE_SIGN_STYLE = Automatic;
				CURRENT_PROJECT_VERSION = 1;
				DEVELOPMENT_ASSET_PATHS = "\"UI-659/Preview Content\"";
				DEVELOPMENT_TEAM = 8CL4U468K5;
				ENABLE_PREVIEWS = YES;
				GENERATE_INFOPLIST_FILE = YES;
				INFOPLIST_KEY_UIApplicationSceneManifest_Generation = YES;
				INFOPLIST_KEY_UIApplicationSupportsIndirectInputEvents = YES;
				INFOPLIST_KEY_UILaunchScreen_Generation = YES;
				INFOPLIST_KEY_UISupportedInterfaceOrientations_iPad = "UIInterfaceOrientationPortrait UIInterfaceOrientationPortraitUpsideDown UIInterfaceOrientationLandscapeLeft UIInterfaceOrientationLandscapeRight";
				INFOPLIST_KEY_UISupportedInterfaceOrientations_iPhone = "UIInterfaceOrientationPortrait UIInterfaceOrientationLandscapeLeft UIInterfaceOrientationLandscapeRight";
				LD_RUNPATH_SEARCH_PATHS = (
					"$(inherited)",
					"@executable_path/Frameworks",
				);
				MARKETING_VERSION = 1.0;
				PRODUCT_BUNDLE_IDENTIFIER = "com.585.UI-659";
				PRODUCT_NAME = "$(TARGET_NAME)";
				SWIFT_EMIT_LOC_STRINGS = YES;
				SWIFT_VERSION = 5.0;
				TARGETED_DEVICE_FAMILY = "1,2";
			};
			name = Release;
		};
		47301FB828C19C3400BD8C09 /* Debug */ = {
			isa = XCBuildConfiguration;
			buildSettings = {
				ALWAYS_EMBED_SWIFT_STANDARD_LIBRARIES = YES;
				BUNDLE_LOADER = "$(TEST_HOST)";
				CODE_SIGN_STYLE = Automatic;
				CURRENT_PROJECT_VERSION = 1;
				DEVELOPMENT_TEAM = 8CL4U468K5;
				GENERATE_INFOPLIST_FILE = YES;
				IPHONEOS_DEPLOYMENT_TARGET = 16.0;
				MARKETING_VERSION = 1.0;
				PRODUCT_BUNDLE_IDENTIFIER = "com.585.UI-659Tests";
				PRODUCT_NAME = "$(TARGET_NAME)";
				SWIFT_EMIT_LOC_STRINGS = NO;
				SWIFT_VERSION = 5.0;
				TARGETED_DEVICE_FAMILY = "1,2";
				TEST_HOST = "$(BUILT_PRODUCTS_DIR)/UI-659.app/$(BUNDLE_EXECUTABLE_FOLDER_PATH)/UI-659";
			};
			name = Debug;
		};
		47301FB928C19C3400BD8C09 /* Release */ = {
			isa = XCBuildConfiguration;
			buildSettings = {
				ALWAYS_EMBED_SWIFT_STANDARD_LIBRARIES = YES;
				BUNDLE_LOADER = "$(TEST_HOST)";
				CODE_SIGN_STYLE = Automatic;
				CURRENT_PROJECT_VERSION = 1;
				DEVELOPMENT_TEAM = 8CL4U468K5;
				GENERATE_INFOPLIST_FILE = YES;
				IPHONEOS_DEPLOYMENT_TARGET = 16.0;
				MARKETING_VERSION = 1.0;
				PRODUCT_BUNDLE_IDENTIFIER = "com.585.UI-659Tests";
				PRODUCT_NAME = "$(TARGET_NAME)";
				SWIFT_EMIT_LOC_STRINGS = NO;
				SWIFT_VERSION = 5.0;
				TARGETED_DEVICE_FAMILY = "1,2";
				TEST_HOST = "$(BUILT_PRODUCTS_DIR)/UI-659.app/$(BUNDLE_EXECUTABLE_FOLDER_PATH)/UI-659";
			};
			name = Release;
		};
		47301FBB28C19C3400BD8C09 /* Debug */ = {
			isa = XCBuildConfiguration;
			buildSettings = {
				ALWAYS_EMBED_SWIFT_STANDARD_LIBRARIES = YES;
				CODE_SIGN_STYLE = Automatic;
				CURRENT_PROJECT_VERSION = 1;
				DEVELOPMENT_TEAM = 8CL4U468K5;
				GENERATE_INFOPLIST_FILE = YES;
				MARKETING_VERSION = 1.0;
				PRODUCT_BUNDLE_IDENTIFIER = "com.585.UI-659UITests";
				PRODUCT_NAME = "$(TARGET_NAME)";
				SWIFT_EMIT_LOC_STRINGS = NO;
				SWIFT_VERSION = 5.0;
				TARGETED_DEVICE_FAMILY = "1,2";
				TEST_TARGET_NAME = "UI-659";
			};
			name = Debug;
		};
		47301FBC28C19C3400BD8C09 /* Release */ = {
			isa = XCBuildConfiguration;
			buildSettings = {
				ALWAYS_EMBED_SWIFT_STANDARD_LIBRARIES = YES;
				CODE_SIGN_STYLE = Automatic;
				CURRENT_PROJECT_VERSION = 1;
				DEVELOPMENT_TEAM = 8CL4U468K5;
				GENERATE_INFOPLIST_FILE = YES;
				MARKETING_VERSION = 1.0;
				PRODUCT_BUNDLE_IDENTIFIER = "com.585.UI-659UITests";
				PRODUCT_NAME = "$(TARGET_NAME)";
				SWIFT_EMIT_LOC_STRINGS = NO;
				SWIFT_VERSION = 5.0;
				TARGETED_DEVICE_FAMILY = "1,2";
				TEST_TARGET_NAME = "UI-659";
			};
			name = Release;
		};
/* End XCBuildConfiguration section */

/* Begin XCConfigurationList section */
		47301F8B28C19C3300BD8C09 /* Build configuration list for PBXProject "UI-659" */ = {
			isa = XCConfigurationList;
			buildConfigurations = (
				47301FB228C19C3400BD8C09 /* Debug */,
				47301FB328C19C3400BD8C09 /* Release */,
			);
			defaultConfigurationIsVisible = 0;
			defaultConfigurationName = Release;
		};
		47301FB428C19C3400BD8C09 /* Build configuration list for PBXNativeTarget "UI-659" */ = {
			isa = XCConfigurationList;
			buildConfigurations = (
				47301FB528C19C3400BD8C09 /* Debug */,
				47301FB628C19C3400BD8C09 /* Release */,
			);
			defaultConfigurationIsVisible = 0;
			defaultConfigurationName = Release;
		};
		47301FB728C19C3400BD8C09 /* Build configuration list for PBXNativeTarget "UI-659Tests" */ = {
			isa = XCConfigurationList;
			buildConfigurations = (
				47301FB828C19C3400BD8C09 /* Debug */,
				47301FB928C19C3400BD8C09 /* Release */,
			);
			defaultConfigurationIsVisible = 0;
			defaultConfigurationName = Release;
		};
		47301FBA28C19C3400BD8C09 /* Build configuration list for PBXNativeTarget "UI-659UITests" */ = {
			isa = XCConfigurationList;
			buildConfigurations = (
				47301FBB28C19C3400BD8C09 /* Debug */,
				47301FBC28C19C3400BD8C09 /* Release */,
			);
			defaultConfigurationIsVisible = 0;
			defaultConfigurationName = Release;
		};
/* End XCConfigurationList section */
	};
	rootObject = 47301F8828C19C3300BD8C09 /* Project object */;
}
